
Microsoft Visual Studio Solution File, Format Version 12.00
# Visual Studio Version 17
VisualStudioVersion = 17.12.35527.113 d17.12
MinimumVisualStudioVersion = 10.0.40219.1
Project("{FAE04EC0-301F-11D3-BF4B-00C04F79EFBC}") = "1", "1\1.csproj", "{BAA3D825-7246-4F19-8316-974D7213D440}"
EndProject
Project("{FAE04EC0-301F-11D3-BF4B-00C04F79EFBC}") = "2", "2\2.csproj", "{017DE3DD-F7D7-43B7-8A1B-1807D42D38AA}"
EndProject
Project("{FAE04EC0-301F-11D3-BF4B-00C04F79EFBC}") = "3", "3\3.csproj", "{7B3ABC69-AF15-42EA-BA68-C1C01E8370D1}"
EndProject
Global
	GlobalSection(SolutionConfigurationPlatforms) = preSolution
		Debug|Any CPU = Debug|Any CPU
		Release|Any CPU = Release|Any CPU
	EndGlobalSection
	GlobalSection(ProjectConfigurationPlatforms) = postSolution
		{BAA3D825-7246-4F19-8316-974D7213D440}.Debug|Any CPU.ActiveCfg = Debug|Any CPU
		{BAA3D825-7246-4F19-8316-974D7213D440}.Debug|Any CPU.Build.0 = Debug|Any CPU
		{BAA3D825-7246-4F19-8316-974D7213D440}.Release|Any CPU.ActiveCfg = Release|Any CPU
		{BAA3D825-7246-4F19-8316-974D7213D440}.Release|Any CPU.Build.0 = Release|Any CPU
		{017DE3DD-F7D7-43B7-8A1B-1807D42D38AA}.Debug|Any CPU.ActiveCfg = Debug|Any CPU
		{017DE3DD-F7D7-43B7-8A1B-1807D42D38AA}.Debug|Any CPU.Build.0 = Debug|Any CPU
		{017DE3DD-F7D7-43B7-8A1B-1807D42D38AA}.Release|Any CPU.ActiveCfg = Release|Any CPU
		{017DE3DD-F7D7-43B7-8A1B-1807D42D38AA}.Release|Any CPU.Build.0 = Release|Any CPU
		{7B3ABC69-AF15-42EA-BA68-C1C01E8370D1}.Debug|Any CPU.ActiveCfg = Debug|Any CPU
		{7B3ABC69-AF15-42EA-BA68-C1C01E8370D1}.Debug|Any CPU.Build.0 = Debug|Any CPU
		{7B3ABC69-AF15-42EA-BA68-C1C01E8370D1}.Release|Any CPU.ActiveCfg = Release|Any CPU
		{7B3ABC69-AF15-42EA-BA68-C1C01E8370D1}.Release|Any CPU.Build.0 = Release|Any CPU
	EndGlobalSection
	GlobalSection(SolutionProperties) = preSolution
		HideSolutionNode = FALSE
	EndGlobalSection
EndGlobal
