
Microsoft Visual Studio Solution File, Format Version 12.00
# Visual Studio Version 18
VisualStudioVersion = 18.3.11505.172
MinimumVisualStudioVersion = 10.0.40219.1
Project("{FAE04EC0-301F-11D3-BF4B-00C04F79EFBC}") = "1", "1\1.csproj", "{BAA3D825-7246-4F19-8316-974D7213D440}"
EndProject
Project("{FAE04EC0-301F-11D3-BF4B-00C04F79EFBC}") = "2", "2\2.csproj", "{017DE3DD-F7D7-43B7-8A1B-1807D42D38AA}"
EndProject
Project("{FAE04EC0-301F-11D3-BF4B-00C04F79EFBC}") = "3", "3\3.csproj", "{7B3ABC69-AF15-42EA-BA68-C1C01E8370D1}"
EndProject
Project("{FAE04EC0-301F-11D3-BF4B-00C04F79EFBC}") = "4", "4\4.csproj", "{FD3BA7C6-5BAC-44AA-BA0F-E541F8EBBB19}"
EndProject
Project("{FAE04EC0-301F-11D3-BF4B-00C04F79EFBC}") = "5", "5\5.csproj", "{42212C4A-9800-4026-B001-65CF180F5E97}"
EndProject
Project("{FAE04EC0-301F-11D3-BF4B-00C04F79EFBC}") = "6", "6\6.csproj", "{2F41AAFB-6D55-46EC-9245-2F4F17F02FA4}"
EndProject
Project("{FAE04EC0-301F-11D3-BF4B-00C04F79EFBC}") = "7", "7\7.csproj", "{430BFA24-FAC8-4280-A2D1-E05C9D072066}"
EndProject
Project("{FAE04EC0-301F-11D3-BF4B-00C04F79EFBC}") = "8", "8\8.csproj", "{6C8BEAFA-57EC-4152-BD32-67314583FE79}"
EndProject
Project("{FAE04EC0-301F-11D3-BF4B-00C04F79EFBC}") = "9", "9\9.csproj", "{99545A4B-4F42-4E40-8B28-833C37F58442}"
EndProject
Project("{FAE04EC0-301F-11D3-BF4B-00C04F79EFBC}") = "10", "10\10.csproj", "{B57C76BC-EB59-4E5B-9FC8-24A16C50BF6C}"
EndProject
Global
	GlobalSection(SolutionConfigurationPlatforms) = preSolution
		Debug|Any CPU = Debug|Any CPU
		Release|Any CPU = Release|Any CPU
	EndGlobalSection
	GlobalSection(ProjectConfigurationPlatforms) = postSolution
		{BAA3D825-7246-4F19-8316-974D7213D440}.Debug|Any CPU.ActiveCfg = Debug|Any CPU
		{BAA3D825-7246-4F19-8316-974D7213D440}.Debug|Any CPU.Build.0 = Debug|Any CPU
		{BAA3D825-7246-4F19-8316-974D7213D440}.Release|Any CPU.ActiveCfg = Release|Any CPU
		{BAA3D825-7246-4F19-8316-974D7213D440}.Release|Any CPU.Build.0 = Release|Any CPU
		{017DE3DD-F7D7-43B7-8A1B-1807D42D38AA}.Debug|Any CPU.ActiveCfg = Debug|Any CPU
		{017DE3DD-F7D7-43B7-8A1B-1807D42D38AA}.Debug|Any CPU.Build.0 = Debug|Any CPU
		{017DE3DD-F7D7-43B7-8A1B-1807D42D38AA}.Release|Any CPU.ActiveCfg = Release|Any CPU
		{017DE3DD-F7D7-43B7-8A1B-1807D42D38AA}.Release|Any CPU.Build.0 = Release|Any CPU
		{7B3ABC69-AF15-42EA-BA68-C1C01E8370D1}.Debug|Any CPU.ActiveCfg = Debug|Any CPU
		{7B3ABC69-AF15-42EA-BA68-C1C01E8370D1}.Debug|Any CPU.Build.0 = Debug|Any CPU
		{7B3ABC69-AF15-42EA-BA68-C1C01E8370D1}.Release|Any CPU.ActiveCfg = Release|Any CPU
		{7B3ABC69-AF15-42EA-BA68-C1C01E8370D1}.Release|Any CPU.Build.0 = Release|Any CPU
		{FD3BA7C6-5BAC-44AA-BA0F-E541F8EBBB19}.Debug|Any CPU.ActiveCfg = Debug|Any CPU
		{FD3BA7C6-5BAC-44AA-BA0F-E541F8EBBB19}.Debug|Any CPU.Build.0 = Debug|Any CPU
		{FD3BA7C6-5BAC-44AA-BA0F-E541F8EBBB19}.Release|Any CPU.ActiveCfg = Release|Any CPU
		{FD3BA7C6-5BAC-44AA-BA0F-E541F8EBBB19}.Release|Any CPU.Build.0 = Release|Any CPU
		{42212C4A-9800-4026-B001-65CF180F5E97}.Debug|Any CPU.ActiveCfg = Debug|Any CPU
		{42212C4A-9800-4026-B001-65CF180F5E97}.Debug|Any CPU.Build.0 = Debug|Any CPU
		{42212C4A-9800-4026-B001-65CF180F5E97}.Release|Any CPU.ActiveCfg = Release|Any CPU
		{42212C4A-9800-4026-B001-65CF180F5E97}.Release|Any CPU.Build.0 = Release|Any CPU
		{2F41AAFB-6D55-46EC-9245-2F4F17F02FA4}.Debug|Any CPU.ActiveCfg = Debug|Any CPU
		{2F41AAFB-6D55-46EC-9245-2F4F17F02FA4}.Debug|Any CPU.Build.0 = Debug|Any CPU
		{2F41AAFB-6D55-46EC-9245-2F4F17F02FA4}.Release|Any CPU.ActiveCfg = Release|Any CPU
		{2F41AAFB-6D55-46EC-9245-2F4F17F02FA4}.Release|Any CPU.Build.0 = Release|Any CPU
		{430BFA24-FAC8-4280-A2D1-E05C9D072066}.Debug|Any CPU.ActiveCfg = Debug|Any CPU
		{430BFA24-FAC8-4280-A2D1-E05C9D072066}.Debug|Any CPU.Build.0 = Debug|Any CPU
		{430BFA24-FAC8-4280-A2D1-E05C9D072066}.Release|Any CPU.ActiveCfg = Release|Any CPU
		{430BFA24-FAC8-4280-A2D1-E05C9D072066}.Release|Any CPU.Build.0 = Release|Any CPU
		{6C8BEAFA-57EC-4152-BD32-67314583FE79}.Debug|Any CPU.ActiveCfg = Debug|Any CPU
		{6C8BEAFA-57EC-4152-BD32-67314583FE79}.Debug|Any CPU.Build.0 = Debug|Any CPU
		{6C8BEAFA-57EC-4152-BD32-67314583FE79}.Release|Any CPU.ActiveCfg = Release|Any CPU
		{6C8BEAFA-57EC-4152-BD32-67314583FE79}.Release|Any CPU.Build.0 = Release|Any CPU
		{99545A4B-4F42-4E40-8B28-833C37F58442}.Debug|Any CPU.ActiveCfg = Debug|Any CPU
		{99545A4B-4F42-4E40-8B28-833C37F58442}.Debug|Any CPU.Build.0 = Debug|Any CPU
		{99545A4B-4F42-4E40-8B28-833C37F58442}.Release|Any CPU.ActiveCfg = Release|Any CPU
		{99545A4B-4F42-4E40-8B28-833C37F58442}.Release|Any CPU.Build.0 = Release|Any CPU
		{B57C76BC-EB59-4E5B-9FC8-24A16C50BF6C}.Debug|Any CPU.ActiveCfg = Debug|Any CPU
		{B57C76BC-EB59-4E5B-9FC8-24A16C50BF6C}.Debug|Any CPU.Build.0 = Debug|Any CPU
		{B57C76BC-EB59-4E5B-9FC8-24A16C50BF6C}.Release|Any CPU.ActiveCfg = Release|Any CPU
		{B57C76BC-EB59-4E5B-9FC8-24A16C50BF6C}.Release|Any CPU.Build.0 = Release|Any CPU
	EndGlobalSection
	GlobalSection(SolutionProperties) = preSolution
		HideSolutionNode = FALSE
	EndGlobalSection
	GlobalSection(ExtensibilityGlobals) = postSolution
		SolutionGuid = {3E089F98-A868-4915-9780-EF8990647EE2}
	EndGlobalSection
EndGlobal
